
Microsoft Visual Studio Solution File, Format Version 12.00
# Visual Studio Version 16
VisualStudioVersion = 16.0.31410.357
MinimumVisualStudioVersion = 10.0.40219.1
Project("{888888A0-9F3D-457C-B088-3A5042F75D52}") = "vector_calc_unit_1", "vector_calc_unit_1\vector_calc_unit_1.pyproj", "{22D6509A-4861-429C-80BA-003522CE9E97}"
EndProject
Global
	GlobalSection(SolutionConfigurationPlatforms) = preSolution
		Debug|Any CPU = Debug|Any CPU
		Release|Any CPU = Release|Any CPU
	EndGlobalSection
	GlobalSection(ProjectConfigurationPlatforms) = postSolution
		{22D6509A-4861-429C-80BA-003522CE9E97}.Debug|Any CPU.ActiveCfg = Debug|Any CPU
		{22D6509A-4861-429C-80BA-003522CE9E97}.Release|Any CPU.ActiveCfg = Release|Any CPU
	EndGlobalSection
	GlobalSection(SolutionProperties) = preSolution
		HideSolutionNode = FALSE
	EndGlobalSection
	GlobalSection(ExtensibilityGlobals) = postSolution
		SolutionGuid = {8855641E-C04B-4C0A-9B92-0A7334984CF9}
	EndGlobalSection
EndGlobal
